// !$*UTF8*$!
{
	archiveVersion = 1;
	classes = {
	};
	objectVersion = 70;
	objects = {

/* Begin PBXBuildFile section */
		880AD4692F5F071200777742 /* WidgetKit.framework in Frameworks */ = {isa = PBXBuildFile; fileRef = 880AD4682F5F071100777742 /* WidgetKit.framework */; };
		880AD46B2F5F071200777742 /* SwiftUI.framework in Frameworks */ = {isa = PBXBuildFile; fileRef = 880AD46A2F5F071200777742 /* SwiftUI.framework */; };
		880AD47C2F5F071300777742 /* StudyTimerWidgetExtension.appex in Embed Foundation Extensions */ = {isa = PBXBuildFile; fileRef = 880AD4662F5F071100777742 /* StudyTimerWidgetExtension.appex */; settings = {ATTRIBUTES = (RemoveHeadersOnCopy, ); }; };
		880AD4842F5F088400777742 /* StudyTimerAttributes.swift in Sources */ = {isa = PBXBuildFile; fileRef = L20005 /* StudyTimerAttributes.swift */; };
		880AD4862F5F0C6100777742 /* StudyDeepLink.swift in Sources */ = {isa = PBXBuildFile; fileRef = 880AD4852F5F0C6100777742 /* StudyDeepLink.swift */; };
		880AD4872F5F0C6100777742 /* StudyDeepLink.swift in Sources */ = {isa = PBXBuildFile; fileRef = 880AD4852F5F0C6100777742 /* StudyDeepLink.swift */; };
		8825C7532F5B148A00E46B14 /* ProfileView.swift in Sources */ = {isa = PBXBuildFile; fileRef = 8825C7512F5B148A00E46B14 /* ProfileView.swift */; };
		8825C7572F5B1A1E00E46B14 /* UserManagementView.swift in Sources */ = {isa = PBXBuildFile; fileRef = 8825C7552F5B1A1E00E46B14 /* UserManagementView.swift */; };
		8825C7582F5B1A1E00E46B14 /* AdminView.swift in Sources */ = {isa = PBXBuildFile; fileRef = 8825C7542F5B1A1E00E46B14 /* AdminView.swift */; };
		8825C75A2F5B1A4400E46B14 /* UserManagementViewModel.swift in Sources */ = {isa = PBXBuildFile; fileRef = 8825C7592F5B1A4400E46B14 /* UserManagementViewModel.swift */; };
		8825C75C2F5B1A4C00E46B14 /* UserService.swift in Sources */ = {isa = PBXBuildFile; fileRef = 8825C75B2F5B1A4C00E46B14 /* UserService.swift */; };
		88DD96ED2F61B3A900E60283 /* StudyRecordView.swift in Sources */ = {isa = PBXBuildFile; fileRef = 88DD96EC2F61B3A900E60283 /* StudyRecordView.swift */; };
		A10001 /* WooriHaruApp.swift in Sources */ = {isa = PBXBuildFile; fileRef = A20001 /* WooriHaruApp.swift */; };
		A10002 /* ContentView.swift in Sources */ = {isa = PBXBuildFile; fileRef = A20002 /* ContentView.swift */; };
		A10003 /* Assets.xcassets in Resources */ = {isa = PBXBuildFile; fileRef = A20003 /* Assets.xcassets */; };
		A10004 /* Preview Assets.xcassets in Resources */ = {isa = PBXBuildFile; fileRef = A20004 /* Preview Assets.xcassets */; };
		C10001 /* User.swift in Sources */ = {isa = PBXBuildFile; fileRef = C20001 /* User.swift */; };
		C10002 /* Category.swift in Sources */ = {isa = PBXBuildFile; fileRef = C20002 /* Category.swift */; };
		C10003 /* DailyRecord.swift in Sources */ = {isa = PBXBuildFile; fileRef = C20003 /* DailyRecord.swift */; };
		C10004 /* OvereatLevel.swift in Sources */ = {isa = PBXBuildFile; fileRef = C20004 /* OvereatLevel.swift */; };
		C10005 /* PairInfo.swift in Sources */ = {isa = PBXBuildFile; fileRef = C20005 /* PairInfo.swift */; };
		C10006 /* PairEvent.swift in Sources */ = {isa = PBXBuildFile; fileRef = C20006 /* PairEvent.swift */; };
		C10007 /* APIResponse.swift in Sources */ = {isa = PBXBuildFile; fileRef = C20007 /* APIResponse.swift */; };
		D10001 /* APIClient.swift in Sources */ = {isa = PBXBuildFile; fileRef = D20001 /* APIClient.swift */; };
		D10002 /* AuthService.swift in Sources */ = {isa = PBXBuildFile; fileRef = D20002 /* AuthService.swift */; };
		D10003 /* RecordService.swift in Sources */ = {isa = PBXBuildFile; fileRef = D20003 /* RecordService.swift */; };
		D10004 /* CategoryService.swift in Sources */ = {isa = PBXBuildFile; fileRef = D20004 /* CategoryService.swift */; };
		D10005 /* PairService.swift in Sources */ = {isa = PBXBuildFile; fileRef = D20005 /* PairService.swift */; };
		D10006 /* PairEventService.swift in Sources */ = {isa = PBXBuildFile; fileRef = D20006 /* PairEventService.swift */; };
		D10007 /* HolidayService.swift in Sources */ = {isa = PBXBuildFile; fileRef = D20007 /* HolidayService.swift */; };
		E10001 /* AuthViewModel.swift in Sources */ = {isa = PBXBuildFile; fileRef = E20001 /* AuthViewModel.swift */; };
		E10002 /* LoginView.swift in Sources */ = {isa = PBXBuildFile; fileRef = E20002 /* LoginView.swift */; };
		E10003 /* RecordViewModel.swift in Sources */ = {isa = PBXBuildFile; fileRef = E20003 /* RecordViewModel.swift */; };
		E10004 /* CalendarViewModel.swift in Sources */ = {isa = PBXBuildFile; fileRef = E20004 /* CalendarViewModel.swift */; };
		E10005 /* StatsViewModel.swift in Sources */ = {isa = PBXBuildFile; fileRef = E20005 /* StatsViewModel.swift */; };
		E10006 /* SearchViewModel.swift in Sources */ = {isa = PBXBuildFile; fileRef = E20006 /* SearchViewModel.swift */; };
		E10007 /* CategoriesViewModel.swift in Sources */ = {isa = PBXBuildFile; fileRef = E20007 /* CategoriesViewModel.swift */; };
		F10001 /* Date+Extensions.swift in Sources */ = {isa = PBXBuildFile; fileRef = F20001 /* Date+Extensions.swift */; };
		F10002 /* Color+Extensions.swift in Sources */ = {isa = PBXBuildFile; fileRef = F20002 /* Color+Extensions.swift */; };
		G10001 /* WeekdayHeaderView.swift in Sources */ = {isa = PBXBuildFile; fileRef = G20001 /* WeekdayHeaderView.swift */; };
		G10002 /* DayCellView.swift in Sources */ = {isa = PBXBuildFile; fileRef = G20002 /* DayCellView.swift */; };
		G10003 /* CalendarHeaderView.swift in Sources */ = {isa = PBXBuildFile; fileRef = G20003 /* CalendarHeaderView.swift */; };
		H10001 /* OvereatSelectorView.swift in Sources */ = {isa = PBXBuildFile; fileRef = H20001 /* OvereatSelectorView.swift */; };
		H10002 /* RecordListView.swift in Sources */ = {isa = PBXBuildFile; fileRef = H20002 /* RecordListView.swift */; };
		H10003 /* RecordFormView.swift in Sources */ = {isa = PBXBuildFile; fileRef = H20003 /* RecordFormView.swift */; };
		H10004 /* RecordSheetView.swift in Sources */ = {isa = PBXBuildFile; fileRef = H20004 /* RecordSheetView.swift */; };
		I10001 /* MonthGridView.swift in Sources */ = {isa = PBXBuildFile; fileRef = I20001 /* MonthGridView.swift */; };
		I10002 /* CalendarView.swift in Sources */ = {isa = PBXBuildFile; fileRef = I20002 /* CalendarView.swift */; };
		I10003 /* YearMonthPickerView.swift in Sources */ = {isa = PBXBuildFile; fileRef = I20003 /* YearMonthPickerView.swift */; };
		I10004 /* SideDrawerView.swift in Sources */ = {isa = PBXBuildFile; fileRef = I20004 /* SideDrawerView.swift */; };
		J10001 /* StatsView.swift in Sources */ = {isa = PBXBuildFile; fileRef = J20001 /* StatsView.swift */; };
		J10002 /* SearchView.swift in Sources */ = {isa = PBXBuildFile; fileRef = J20002 /* SearchView.swift */; };
		J10003 /* CategoriesView.swift in Sources */ = {isa = PBXBuildFile; fileRef = J20003 /* CategoriesView.swift */; };
		K10001 /* PairViewModel.swift in Sources */ = {isa = PBXBuildFile; fileRef = K20001 /* PairViewModel.swift */; };
		K10002 /* PairEventsViewModel.swift in Sources */ = {isa = PBXBuildFile; fileRef = K20002 /* PairEventsViewModel.swift */; };
		K10003 /* PairView.swift in Sources */ = {isa = PBXBuildFile; fileRef = K20003 /* PairView.swift */; };
		K10004 /* PairEventsView.swift in Sources */ = {isa = PBXBuildFile; fileRef = K20004 /* PairEventsView.swift */; };
		L10001 /* StudyModels.swift in Sources */ = {isa = PBXBuildFile; fileRef = L20001 /* StudyModels.swift */; };
		L10002 /* StudyService.swift in Sources */ = {isa = PBXBuildFile; fileRef = L20002 /* StudyService.swift */; };
		L10003 /* StudyTimerViewModel.swift in Sources */ = {isa = PBXBuildFile; fileRef = L20003 /* StudyTimerViewModel.swift */; };
		L10004 /* StudyTimerView.swift in Sources */ = {isa = PBXBuildFile; fileRef = L20004 /* StudyTimerView.swift */; };
		L10005 /* StudyTimerAttributes.swift in Sources */ = {isa = PBXBuildFile; fileRef = L20005 /* StudyTimerAttributes.swift */; };
		L10006 /* StudyRecordViewModel.swift in Sources */ = {isa = PBXBuildFile; fileRef = L20006 /* StudyRecordViewModel.swift */; };
/* End PBXBuildFile section */

/* Begin PBXContainerItemProxy section */
		880AD47A2F5F071300777742 /* PBXContainerItemProxy */ = {
			isa = PBXContainerItemProxy;
			containerPortal = A80001 /* Project object */;
			proxyType = 1;
			remoteGlobalIDString = 880AD4652F5F071100777742;
			remoteInfo = StudyTimerWidgetExtension;
		};
/* End PBXContainerItemProxy section */

/* Begin PBXCopyFilesBuildPhase section */
		880AD47D2F5F071300777742 /* Embed Foundation Extensions */ = {
			isa = PBXCopyFilesBuildPhase;
			buildActionMask = 2147483647;
			dstPath = "";
			dstSubfolderSpec = 13;
			files = (
				880AD47C2F5F071300777742 /* StudyTimerWidgetExtension.appex in Embed Foundation Extensions */,
			);
			name = "Embed Foundation Extensions";
			runOnlyForDeploymentPostprocessing = 0;
		};
/* End PBXCopyFilesBuildPhase section */

/* Begin PBXFileReference section */
		880AD4662F5F071100777742 /* StudyTimerWidgetExtension.appex */ = {isa = PBXFileReference; explicitFileType = "wrapper.app-extension"; includeInIndex = 0; path = StudyTimerWidgetExtension.appex; sourceTree = BUILT_PRODUCTS_DIR; };
		880AD4682F5F071100777742 /* WidgetKit.framework */ = {isa = PBXFileReference; lastKnownFileType = wrapper.framework; name = WidgetKit.framework; path = System/Library/Frameworks/WidgetKit.framework; sourceTree = SDKROOT; };
		880AD46A2F5F071200777742 /* SwiftUI.framework */ = {isa = PBXFileReference; lastKnownFileType = wrapper.framework; name = SwiftUI.framework; path = System/Library/Frameworks/SwiftUI.framework; sourceTree = SDKROOT; };
		880AD4852F5F0C6100777742 /* StudyDeepLink.swift */ = {isa = PBXFileReference; lastKnownFileType = sourcecode.swift; path = StudyDeepLink.swift; sourceTree = "<group>"; };
		8825C7512F5B148A00E46B14 /* ProfileView.swift */ = {isa = PBXFileReference; lastKnownFileType = sourcecode.swift; path = ProfileView.swift; sourceTree = "<group>"; };
		8825C7542F5B1A1E00E46B14 /* AdminView.swift */ = {isa = PBXFileReference; lastKnownFileType = sourcecode.swift; path = AdminView.swift; sourceTree = "<group>"; };
		8825C7552F5B1A1E00E46B14 /* UserManagementView.swift */ = {isa = PBXFileReference; lastKnownFileType = sourcecode.swift; path = UserManagementView.swift; sourceTree = "<group>"; };
		8825C7592F5B1A4400E46B14 /* UserManagementViewModel.swift */ = {isa = PBXFileReference; lastKnownFileType = sourcecode.swift; path = UserManagementViewModel.swift; sourceTree = "<group>"; };
		8825C75B2F5B1A4C00E46B14 /* UserService.swift */ = {isa = PBXFileReference; lastKnownFileType = sourcecode.swift; path = UserService.swift; sourceTree = "<group>"; };
		88C2E2B22F557CCD001249F8 /* Info.plist */ = {isa = PBXFileReference; lastKnownFileType = text.plist; path = Info.plist; sourceTree = "<group>"; };
		88DD96EC2F61B3A900E60283 /* StudyRecordView.swift */ = {isa = PBXFileReference; lastKnownFileType = sourcecode.swift; path = StudyRecordView.swift; sourceTree = "<group>"; };
		A20001 /* WooriHaruApp.swift */ = {isa = PBXFileReference; lastKnownFileType = sourcecode.swift; path = WooriHaruApp.swift; sourceTree = "<group>"; };
		A20002 /* ContentView.swift */ = {isa = PBXFileReference; lastKnownFileType = sourcecode.swift; path = ContentView.swift; sourceTree = "<group>"; };
		A20003 /* Assets.xcassets */ = {isa = PBXFileReference; lastKnownFileType = folder.assetcatalog; path = Assets.xcassets; sourceTree = "<group>"; };
		A20004 /* Preview Assets.xcassets */ = {isa = PBXFileReference; lastKnownFileType = folder.assetcatalog; path = "Preview Assets.xcassets"; sourceTree = "<group>"; };
		A20005 /* WooriHaru.app */ = {isa = PBXFileReference; explicitFileType = wrapper.application; includeInIndex = 0; path = WooriHaru.app; sourceTree = BUILT_PRODUCTS_DIR; };
		C20001 /* User.swift */ = {isa = PBXFileReference; lastKnownFileType = sourcecode.swift; path = User.swift; sourceTree = "<group>"; };
		C20002 /* Category.swift */ = {isa = PBXFileReference; lastKnownFileType = sourcecode.swift; path = Category.swift; sourceTree = "<group>"; };
		C20003 /* DailyRecord.swift */ = {isa = PBXFileReference; lastKnownFileType = sourcecode.swift; path = DailyRecord.swift; sourceTree = "<group>"; };
		C20004 /* OvereatLevel.swift */ = {isa = PBXFileReference; lastKnownFileType = sourcecode.swift; path = OvereatLevel.swift; sourceTree = "<group>"; };
		C20005 /* PairInfo.swift */ = {isa = PBXFileReference; lastKnownFileType = sourcecode.swift; path = PairInfo.swift; sourceTree = "<group>"; };
		C20006 /* PairEvent.swift */ = {isa = PBXFileReference; lastKnownFileType = sourcecode.swift; path = PairEvent.swift; sourceTree = "<group>"; };
		C20007 /* APIResponse.swift */ = {isa = PBXFileReference; lastKnownFileType = sourcecode.swift; path = APIResponse.swift; sourceTree = "<group>"; };
		D20001 /* APIClient.swift */ = {isa = PBXFileReference; lastKnownFileType = sourcecode.swift; path = APIClient.swift; sourceTree = "<group>"; };
		D20002 /* AuthService.swift */ = {isa = PBXFileReference; lastKnownFileType = sourcecode.swift; path = AuthService.swift; sourceTree = "<group>"; };
		D20003 /* RecordService.swift */ = {isa = PBXFileReference; lastKnownFileType = sourcecode.swift; path = RecordService.swift; sourceTree = "<group>"; };
		D20004 /* CategoryService.swift */ = {isa = PBXFileReference; lastKnownFileType = sourcecode.swift; path = CategoryService.swift; sourceTree = "<group>"; };
		D20005 /* PairService.swift */ = {isa = PBXFileReference; lastKnownFileType = sourcecode.swift; path = PairService.swift; sourceTree = "<group>"; };
		D20006 /* PairEventService.swift */ = {isa = PBXFileReference; lastKnownFileType = sourcecode.swift; path = PairEventService.swift; sourceTree = "<group>"; };
		D20007 /* HolidayService.swift */ = {isa = PBXFileReference; lastKnownFileType = sourcecode.swift; path = HolidayService.swift; sourceTree = "<group>"; };
		E20001 /* AuthViewModel.swift */ = {isa = PBXFileReference; lastKnownFileType = sourcecode.swift; path = AuthViewModel.swift; sourceTree = "<group>"; };
		E20002 /* LoginView.swift */ = {isa = PBXFileReference; lastKnownFileType = sourcecode.swift; path = LoginView.swift; sourceTree = "<group>"; };
		E20003 /* RecordViewModel.swift */ = {isa = PBXFileReference; lastKnownFileType = sourcecode.swift; path = RecordViewModel.swift; sourceTree = "<group>"; };
		E20004 /* CalendarViewModel.swift */ = {isa = PBXFileReference; lastKnownFileType = sourcecode.swift; path = CalendarViewModel.swift; sourceTree = "<group>"; };
		E20005 /* StatsViewModel.swift */ = {isa = PBXFileReference; lastKnownFileType = sourcecode.swift; path = StatsViewModel.swift; sourceTree = "<group>"; };
		E20006 /* SearchViewModel.swift */ = {isa = PBXFileReference; lastKnownFileType = sourcecode.swift; path = SearchViewModel.swift; sourceTree = "<group>"; };
		E20007 /* CategoriesViewModel.swift */ = {isa = PBXFileReference; lastKnownFileType = sourcecode.swift; path = CategoriesViewModel.swift; sourceTree = "<group>"; };
		F20001 /* Date+Extensions.swift */ = {isa = PBXFileReference; lastKnownFileType = sourcecode.swift; path = "Date+Extensions.swift"; sourceTree = "<group>"; };
		F20002 /* Color+Extensions.swift */ = {isa = PBXFileReference; lastKnownFileType = sourcecode.swift; path = "Color+Extensions.swift"; sourceTree = "<group>"; };
		G20001 /* WeekdayHeaderView.swift */ = {isa = PBXFileReference; lastKnownFileType = sourcecode.swift; path = WeekdayHeaderView.swift; sourceTree = "<group>"; };
		G20002 /* DayCellView.swift */ = {isa = PBXFileReference; lastKnownFileType = sourcecode.swift; path = DayCellView.swift; sourceTree = "<group>"; };
		G20003 /* CalendarHeaderView.swift */ = {isa = PBXFileReference; lastKnownFileType = sourcecode.swift; path = CalendarHeaderView.swift; sourceTree = "<group>"; };
		H20001 /* OvereatSelectorView.swift */ = {isa = PBXFileReference; lastKnownFileType = sourcecode.swift; path = OvereatSelectorView.swift; sourceTree = "<group>"; };
		H20002 /* RecordListView.swift */ = {isa = PBXFileReference; lastKnownFileType = sourcecode.swift; path = RecordListView.swift; sourceTree = "<group>"; };
		H20003 /* RecordFormView.swift */ = {isa = PBXFileReference; lastKnownFileType = sourcecode.swift; path = RecordFormView.swift; sourceTree = "<group>"; };
		H20004 /* RecordSheetView.swift */ = {isa = PBXFileReference; lastKnownFileType = sourcecode.swift; path = RecordSheetView.swift; sourceTree = "<group>"; };
		I20001 /* MonthGridView.swift */ = {isa = PBXFileReference; lastKnownFileType = sourcecode.swift; path = MonthGridView.swift; sourceTree = "<group>"; };
		I20002 /* CalendarView.swift */ = {isa = PBXFileReference; lastKnownFileType = sourcecode.swift; path = CalendarView.swift; sourceTree = "<group>"; };
		I20003 /* YearMonthPickerView.swift */ = {isa = PBXFileReference; lastKnownFileType = sourcecode.swift; path = YearMonthPickerView.swift; sourceTree = "<group>"; };
		I20004 /* SideDrawerView.swift */ = {isa = PBXFileReference; lastKnownFileType = sourcecode.swift; path = SideDrawerView.swift; sourceTree = "<group>"; };
		J20001 /* StatsView.swift */ = {isa = PBXFileReference; lastKnownFileType = sourcecode.swift; path = StatsView.swift; sourceTree = "<group>"; };
		J20002 /* SearchView.swift */ = {isa = PBXFileReference; lastKnownFileType = sourcecode.swift; path = SearchView.swift; sourceTree = "<group>"; };
		J20003 /* CategoriesView.swift */ = {isa = PBXFileReference; lastKnownFileType = sourcecode.swift; path = CategoriesView.swift; sourceTree = "<group>"; };
		K20001 /* PairViewModel.swift */ = {isa = PBXFileReference; lastKnownFileType = sourcecode.swift; path = PairViewModel.swift; sourceTree = "<group>"; };
		K20002 /* PairEventsViewModel.swift */ = {isa = PBXFileReference; lastKnownFileType = sourcecode.swift; path = PairEventsViewModel.swift; sourceTree = "<group>"; };
		K20003 /* PairView.swift */ = {isa = PBXFileReference; lastKnownFileType = sourcecode.swift; path = PairView.swift; sourceTree = "<group>"; };
		K20004 /* PairEventsView.swift */ = {isa = PBXFileReference; lastKnownFileType = sourcecode.swift; path = PairEventsView.swift; sourceTree = "<group>"; };
		L20001 /* StudyModels.swift */ = {isa = PBXFileReference; lastKnownFileType = sourcecode.swift; path = StudyModels.swift; sourceTree = "<group>"; };
		L20002 /* StudyService.swift */ = {isa = PBXFileReference; lastKnownFileType = sourcecode.swift; path = StudyService.swift; sourceTree = "<group>"; };
		L20003 /* StudyTimerViewModel.swift */ = {isa = PBXFileReference; lastKnownFileType = sourcecode.swift; path = StudyTimerViewModel.swift; sourceTree = "<group>"; };
		L20004 /* StudyTimerView.swift */ = {isa = PBXFileReference; lastKnownFileType = sourcecode.swift; path = StudyTimerView.swift; sourceTree = "<group>"; };
		L20005 /* StudyTimerAttributes.swift */ = {isa = PBXFileReference; lastKnownFileType = sourcecode.swift; path = StudyTimerAttributes.swift; sourceTree = "<group>"; };
		L20006 /* StudyRecordViewModel.swift */ = {isa = PBXFileReference; lastKnownFileType = sourcecode.swift; path = StudyRecordViewModel.swift; sourceTree = "<group>"; };
/* End PBXFileReference section */

/* Begin PBXFileSystemSynchronizedBuildFileExceptionSet section */
		880AD4802F5F071300777742 /* PBXFileSystemSynchronizedBuildFileExceptionSet */ = {
			isa = PBXFileSystemSynchronizedBuildFileExceptionSet;
			membershipExceptions = (
				Info.plist,
			);
			target = 880AD4652F5F071100777742 /* StudyTimerWidgetExtension */;
		};
/* End PBXFileSystemSynchronizedBuildFileExceptionSet section */

/* Begin PBXFileSystemSynchronizedRootGroup section */
		880AD46C2F5F071200777742 /* StudyTimerWidget */ = {isa = PBXFileSystemSynchronizedRootGroup; exceptions = (880AD4802F5F071300777742 /* PBXFileSystemSynchronizedBuildFileExceptionSet */, ); explicitFileTypes = {}; explicitFolders = (); path = StudyTimerWidget; sourceTree = "<group>"; };
/* End PBXFileSystemSynchronizedRootGroup section */

/* Begin PBXFrameworksBuildPhase section */
		880AD4632F5F071100777742 /* Frameworks */ = {
			isa = PBXFrameworksBuildPhase;
			buildActionMask = 2147483647;
			files = (
				880AD46B2F5F071200777742 /* SwiftUI.framework in Frameworks */,
				880AD4692F5F071200777742 /* WidgetKit.framework in Frameworks */,
			);
			runOnlyForDeploymentPostprocessing = 0;
		};
		A30001 /* Frameworks */ = {
			isa = PBXFrameworksBuildPhase;
			buildActionMask = 2147483647;
			files = (
			);
			runOnlyForDeploymentPostprocessing = 0;
		};
/* End PBXFrameworksBuildPhase section */

/* Begin PBXGroup section */
		880AD4672F5F071100777742 /* Frameworks */ = {
			isa = PBXGroup;
			children = (
				880AD4682F5F071100777742 /* WidgetKit.framework */,
				880AD46A2F5F071200777742 /* SwiftUI.framework */,
			);
			name = Frameworks;
			sourceTree = "<group>";
		};
		8825C7522F5B148A00E46B14 /* Profile */ = {
			isa = PBXGroup;
			children = (
				8825C7512F5B148A00E46B14 /* ProfileView.swift */,
			);
			path = Profile;
			sourceTree = "<group>";
		};
		8825C7562F5B1A1E00E46B14 /* Admin */ = {
			isa = PBXGroup;
			children = (
				8825C7542F5B1A1E00E46B14 /* AdminView.swift */,
				8825C7552F5B1A1E00E46B14 /* UserManagementView.swift */,
			);
			path = Admin;
			sourceTree = "<group>";
		};
		A40001 = {
			isa = PBXGroup;
			children = (
				A40002 /* WooriHaru */,
				880AD46C2F5F071200777742 /* StudyTimerWidget */,
				880AD4672F5F071100777742 /* Frameworks */,
				A40003 /* Products */,
			);
			sourceTree = "<group>";
		};
		A40002 /* WooriHaru */ = {
			isa = PBXGroup;
			children = (
				88C2E2B22F557CCD001249F8 /* Info.plist */,
				A20001 /* WooriHaruApp.swift */,
				A20002 /* ContentView.swift */,
				B40001 /* Models */,
				B40002 /* Services */,
				B40003 /* ViewModels */,
				B40004 /* Views */,
				B40013 /* Resources */,
				B40015 /* Extensions */,
				A20003 /* Assets.xcassets */,
				A40004 /* Preview Content */,
			);
			path = WooriHaru;
			sourceTree = "<group>";
		};
		A40003 /* Products */ = {
			isa = PBXGroup;
			children = (
				A20005 /* WooriHaru.app */,
				880AD4662F5F071100777742 /* StudyTimerWidgetExtension.appex */,
			);
			name = Products;
			sourceTree = "<group>";
		};
		A40004 /* Preview Content */ = {
			isa = PBXGroup;
			children = (
				A20004 /* Preview Assets.xcassets */,
			);
			path = "Preview Content";
			sourceTree = "<group>";
		};
		B40001 /* Models */ = {
			isa = PBXGroup;
			children = (
				880AD4852F5F0C6100777742 /* StudyDeepLink.swift */,
				C20007 /* APIResponse.swift */,
				C20001 /* User.swift */,
				C20002 /* Category.swift */,
				C20003 /* DailyRecord.swift */,
				C20004 /* OvereatLevel.swift */,
				C20005 /* PairInfo.swift */,
				C20006 /* PairEvent.swift */,
				L20001 /* StudyModels.swift */,
				L20005 /* StudyTimerAttributes.swift */,
			);
			path = Models;
			sourceTree = "<group>";
		};
		B40002 /* Services */ = {
			isa = PBXGroup;
			children = (
				8825C75B2F5B1A4C00E46B14 /* UserService.swift */,
				D20001 /* APIClient.swift */,
				D20002 /* AuthService.swift */,
				D20003 /* RecordService.swift */,
				D20004 /* CategoryService.swift */,
				D20005 /* PairService.swift */,
				D20006 /* PairEventService.swift */,
				D20007 /* HolidayService.swift */,
				L20002 /* StudyService.swift */,
			);
			path = Services;
			sourceTree = "<group>";
		};
		B40003 /* ViewModels */ = {
			isa = PBXGroup;
			children = (
				8825C7592F5B1A4400E46B14 /* UserManagementViewModel.swift */,
				E20001 /* AuthViewModel.swift */,
				E20004 /* CalendarViewModel.swift */,
				E20003 /* RecordViewModel.swift */,
				E20005 /* StatsViewModel.swift */,
				E20006 /* SearchViewModel.swift */,
				E20007 /* CategoriesViewModel.swift */,
				K20001 /* PairViewModel.swift */,
				K20002 /* PairEventsViewModel.swift */,
				L20003 /* StudyTimerViewModel.swift */,
				L20006 /* StudyRecordViewModel.swift */,
			);
			path = ViewModels;
			sourceTree = "<group>";
		};
		B40004 /* Views */ = {
			isa = PBXGroup;
			children = (
				8825C7562F5B1A1E00E46B14 /* Admin */,
				8825C7522F5B148A00E46B14 /* Profile */,
				B40005 /* Calendar */,
				B40006 /* Record */,
				B40007 /* Stats */,
				B40008 /* Search */,
				B40009 /* Pair */,
				B40010 /* Category */,
				B40011 /* Auth */,
				B40012 /* Components */,
				L40001 /* Study */,
			);
			path = Views;
			sourceTree = "<group>";
		};
		B40005 /* Calendar */ = {
			isa = PBXGroup;
			children = (
				I20002 /* CalendarView.swift */,
				G20003 /* CalendarHeaderView.swift */,
				G20002 /* DayCellView.swift */,
				I20001 /* MonthGridView.swift */,
				G20001 /* WeekdayHeaderView.swift */,
				I20003 /* YearMonthPickerView.swift */,
			);
			path = Calendar;
			sourceTree = "<group>";
		};
		B40006 /* Record */ = {
			isa = PBXGroup;
			children = (
				H20001 /* OvereatSelectorView.swift */,
				H20002 /* RecordListView.swift */,
				H20003 /* RecordFormView.swift */,
				H20004 /* RecordSheetView.swift */,
			);
			path = Record;
			sourceTree = "<group>";
		};
		B40007 /* Stats */ = {
			isa = PBXGroup;
			children = (
				J20001 /* StatsView.swift */,
			);
			path = Stats;
			sourceTree = "<group>";
		};
		B40008 /* Search */ = {
			isa = PBXGroup;
			children = (
				J20002 /* SearchView.swift */,
			);
			path = Search;
			sourceTree = "<group>";
		};
		B40009 /* Pair */ = {
			isa = PBXGroup;
			children = (
				K20003 /* PairView.swift */,
				K20004 /* PairEventsView.swift */,
			);
			path = Pair;
			sourceTree = "<group>";
		};
		B40010 /* Category */ = {
			isa = PBXGroup;
			children = (
				J20003 /* CategoriesView.swift */,
			);
			path = Category;
			sourceTree = "<group>";
		};
		B40011 /* Auth */ = {
			isa = PBXGroup;
			children = (
				E20002 /* LoginView.swift */,
			);
			path = Auth;
			sourceTree = "<group>";
		};
		B40012 /* Components */ = {
			isa = PBXGroup;
			children = (
				I20004 /* SideDrawerView.swift */,
			);
			path = Components;
			sourceTree = "<group>";
		};
		B40013 /* Resources */ = {
			isa = PBXGroup;
			children = (
			);
			path = Resources;
			sourceTree = "<group>";
		};
		B40015 /* Extensions */ = {
			isa = PBXGroup;
			children = (
				F20001 /* Date+Extensions.swift */,
				F20002 /* Color+Extensions.swift */,
			);
			path = Extensions;
			sourceTree = "<group>";
		};
		L40001 /* Study */ = {
			isa = PBXGroup;
			children = (
				88DD96EC2F61B3A900E60283 /* StudyRecordView.swift */,
				L20004 /* StudyTimerView.swift */,
			);
			path = Study;
			sourceTree = "<group>";
		};
/* End PBXGroup section */

/* Begin PBXNativeTarget section */
		880AD4652F5F071100777742 /* StudyTimerWidgetExtension */ = {
			isa = PBXNativeTarget;
			buildConfigurationList = 880AD4812F5F071300777742 /* Build configuration list for PBXNativeTarget "StudyTimerWidgetExtension" */;
			buildPhases = (
				880AD4622F5F071100777742 /* Sources */,
				880AD4632F5F071100777742 /* Frameworks */,
				880AD4642F5F071100777742 /* Resources */,
			);
			buildRules = (
			);
			dependencies = (
			);
			fileSystemSynchronizedGroups = (
				880AD46C2F5F071200777742 /* StudyTimerWidget */,
			);
			name = StudyTimerWidgetExtension;
			packageProductDependencies = (
			);
			productName = StudyTimerWidgetExtension;
			productReference = 880AD4662F5F071100777742 /* StudyTimerWidgetExtension.appex */;
			productType = "com.apple.product-type.app-extension";
		};
		A50001 /* WooriHaru */ = {
			isa = PBXNativeTarget;
			buildConfigurationList = A70001 /* Build configuration list for PBXNativeTarget "WooriHaru" */;
			buildPhases = (
				A60001 /* Sources */,
				A30001 /* Frameworks */,
				A60002 /* Resources */,
				880AD47D2F5F071300777742 /* Embed Foundation Extensions */,
			);
			buildRules = (
			);
			dependencies = (
				880AD47B2F5F071300777742 /* PBXTargetDependency */,
			);
			name = WooriHaru;
			productName = WooriHaru;
			productReference = A20005 /* WooriHaru.app */;
			productType = "com.apple.product-type.application";
		};
/* End PBXNativeTarget section */

/* Begin PBXProject section */
		A80001 /* Project object */ = {
			isa = PBXProject;
			attributes = {
				BuildIndependentTargetsInParallel = 1;
				LastSwiftUpdateCheck = 2630;
				LastUpgradeCheck = 1600;
				TargetAttributes = {
					880AD4652F5F071100777742 = {
						CreatedOnToolsVersion = 26.3;
					};
					A50001 = {
						CreatedOnToolsVersion = 16.0;
					};
				};
			};
			buildConfigurationList = A70003 /* Build configuration list for PBXProject "WooriHaru" */;
			compatibilityVersion = "Xcode 14.0";
			developmentRegion = ko;
			hasScannedForEncodings = 0;
			knownRegions = (
				en,
				ko,
				Base,
			);
			mainGroup = A40001;
			packageReferences = (
			);
			productRefGroup = A40003 /* Products */;
			projectDirPath = "";
			projectRoot = "";
			targets = (
				A50001 /* WooriHaru */,
				880AD4652F5F071100777742 /* StudyTimerWidgetExtension */,
			);
		};
/* End PBXProject section */

/* Begin PBXResourcesBuildPhase section */
		880AD4642F5F071100777742 /* Resources */ = {
			isa = PBXResourcesBuildPhase;
			buildActionMask = 2147483647;
			files = (
			);
			runOnlyForDeploymentPostprocessing = 0;
		};
		A60002 /* Resources */ = {
			isa = PBXResourcesBuildPhase;
			buildActionMask = 2147483647;
			files = (
				A10004 /* Preview Assets.xcassets in Resources */,
				A10003 /* Assets.xcassets in Resources */,
			);
			runOnlyForDeploymentPostprocessing = 0;
		};
/* End PBXResourcesBuildPhase section */

/* Begin PBXSourcesBuildPhase section */
		880AD4622F5F071100777742 /* Sources */ = {
			isa = PBXSourcesBuildPhase;
			buildActionMask = 2147483647;
			files = (
				880AD4842F5F088400777742 /* StudyTimerAttributes.swift in Sources */,
				880AD4862F5F0C6100777742 /* StudyDeepLink.swift in Sources */,
			);
			runOnlyForDeploymentPostprocessing = 0;
		};
		A60001 /* Sources */ = {
			isa = PBXSourcesBuildPhase;
			buildActionMask = 2147483647;
			files = (
				A10002 /* ContentView.swift in Sources */,
				A10001 /* WooriHaruApp.swift in Sources */,
				C10001 /* User.swift in Sources */,
				C10002 /* Category.swift in Sources */,
				C10003 /* DailyRecord.swift in Sources */,
				8825C7572F5B1A1E00E46B14 /* UserManagementView.swift in Sources */,
				8825C7582F5B1A1E00E46B14 /* AdminView.swift in Sources */,
				C10004 /* OvereatLevel.swift in Sources */,
				C10005 /* PairInfo.swift in Sources */,
				C10006 /* PairEvent.swift in Sources */,
				C10007 /* APIResponse.swift in Sources */,
				D10001 /* APIClient.swift in Sources */,
				D10002 /* AuthService.swift in Sources */,
				D10003 /* RecordService.swift in Sources */,
				8825C75A2F5B1A4400E46B14 /* UserManagementViewModel.swift in Sources */,
				D10004 /* CategoryService.swift in Sources */,
				D10005 /* PairService.swift in Sources */,
				D10006 /* PairEventService.swift in Sources */,
				D10007 /* HolidayService.swift in Sources */,
				E10001 /* AuthViewModel.swift in Sources */,
				E10003 /* RecordViewModel.swift in Sources */,
				880AD4872F5F0C6100777742 /* StudyDeepLink.swift in Sources */,
				E10004 /* CalendarViewModel.swift in Sources */,
				E10005 /* StatsViewModel.swift in Sources */,
				8825C7532F5B148A00E46B14 /* ProfileView.swift in Sources */,
				E10006 /* SearchViewModel.swift in Sources */,
				E10007 /* CategoriesViewModel.swift in Sources */,
				E10002 /* LoginView.swift in Sources */,
				F10001 /* Date+Extensions.swift in Sources */,
				F10002 /* Color+Extensions.swift in Sources */,
				G10001 /* WeekdayHeaderView.swift in Sources */,
				G10002 /* DayCellView.swift in Sources */,
				G10003 /* CalendarHeaderView.swift in Sources */,
				H10001 /* OvereatSelectorView.swift in Sources */,
				H10002 /* RecordListView.swift in Sources */,
				H10003 /* RecordFormView.swift in Sources */,
				H10004 /* RecordSheetView.swift in Sources */,
				I10001 /* MonthGridView.swift in Sources */,
				I10002 /* CalendarView.swift in Sources */,
				88DD96ED2F61B3A900E60283 /* StudyRecordView.swift in Sources */,
				I10003 /* YearMonthPickerView.swift in Sources */,
				I10004 /* SideDrawerView.swift in Sources */,
				J10001 /* StatsView.swift in Sources */,
				J10002 /* SearchView.swift in Sources */,
				J10003 /* CategoriesView.swift in Sources */,
				K10001 /* PairViewModel.swift in Sources */,
				8825C75C2F5B1A4C00E46B14 /* UserService.swift in Sources */,
				K10002 /* PairEventsViewModel.swift in Sources */,
				K10003 /* PairView.swift in Sources */,
				K10004 /* PairEventsView.swift in Sources */,
				L10001 /* StudyModels.swift in Sources */,
				L10002 /* StudyService.swift in Sources */,
				L10003 /* StudyTimerViewModel.swift in Sources */,
				L10004 /* StudyTimerView.swift in Sources */,
				L10005 /* StudyTimerAttributes.swift in Sources */,
				L10006 /* StudyRecordViewModel.swift in Sources */,
			);
			runOnlyForDeploymentPostprocessing = 0;
		};
/* End PBXSourcesBuildPhase section */

/* Begin PBXTargetDependency section */
		880AD47B2F5F071300777742 /* PBXTargetDependency */ = {
			isa = PBXTargetDependency;
			target = 880AD4652F5F071100777742 /* StudyTimerWidgetExtension */;
			targetProxy = 880AD47A2F5F071300777742 /* PBXContainerItemProxy */;
		};
/* End PBXTargetDependency section */

/* Begin XCBuildConfiguration section */
		880AD47E2F5F071300777742 /* Debug */ = {
			isa = XCBuildConfiguration;
			buildSettings = {
				ASSETCATALOG_COMPILER_GLOBAL_ACCENT_COLOR_NAME = AccentColor;
				ASSETCATALOG_COMPILER_WIDGET_BACKGROUND_COLOR_NAME = WidgetBackground;
				CODE_SIGN_STYLE = Automatic;
				CURRENT_PROJECT_VERSION = 1;
				DEVELOPMENT_TEAM = 4L7RX6VCB2;
				GENERATE_INFOPLIST_FILE = YES;
				INFOPLIST_FILE = StudyTimerWidget/Info.plist;
				INFOPLIST_KEY_CFBundleDisplayName = StudyTimerWidget;
				INFOPLIST_KEY_NSHumanReadableCopyright = "";
				IPHONEOS_DEPLOYMENT_TARGET = 26.2;
				LD_RUNPATH_SEARCH_PATHS = (
					"$(inherited)",
					"@executable_path/Frameworks",
					"@executable_path/../../Frameworks",
				);
				MARKETING_VERSION = 1.0;
				PRODUCT_BUNDLE_IDENTIFIER = com.woori.haru.StudyTimerWidget;
				PRODUCT_NAME = "$(TARGET_NAME)";
				SKIP_INSTALL = YES;
				STRING_CATALOG_GENERATE_SYMBOLS = YES;
				SWIFT_APPROACHABLE_CONCURRENCY = YES;
				SWIFT_EMIT_LOC_STRINGS = YES;
				SWIFT_UPCOMING_FEATURE_MEMBER_IMPORT_VISIBILITY = YES;
				SWIFT_VERSION = 5.0;
				TARGETED_DEVICE_FAMILY = "1,2";
			};
			name = Debug;
		};
		880AD47F2F5F071300777742 /* Release */ = {
			isa = XCBuildConfiguration;
			buildSettings = {
				ASSETCATALOG_COMPILER_GLOBAL_ACCENT_COLOR_NAME = AccentColor;
				ASSETCATALOG_COMPILER_WIDGET_BACKGROUND_COLOR_NAME = WidgetBackground;
				CODE_SIGN_STYLE = Automatic;
				CURRENT_PROJECT_VERSION = 1;
				DEVELOPMENT_TEAM = 4L7RX6VCB2;
				GENERATE_INFOPLIST_FILE = YES;
				INFOPLIST_FILE = StudyTimerWidget/Info.plist;
				INFOPLIST_KEY_CFBundleDisplayName = StudyTimerWidget;
				INFOPLIST_KEY_NSHumanReadableCopyright = "";
				IPHONEOS_DEPLOYMENT_TARGET = 26.2;
				LD_RUNPATH_SEARCH_PATHS = (
					"$(inherited)",
					"@executable_path/Frameworks",
					"@executable_path/../../Frameworks",
				);
				MARKETING_VERSION = 1.0;
				PRODUCT_BUNDLE_IDENTIFIER = com.woori.haru.StudyTimerWidget;
				PRODUCT_NAME = "$(TARGET_NAME)";
				SKIP_INSTALL = YES;
				STRING_CATALOG_GENERATE_SYMBOLS = YES;
				SWIFT_APPROACHABLE_CONCURRENCY = YES;
				SWIFT_EMIT_LOC_STRINGS = YES;
				SWIFT_UPCOMING_FEATURE_MEMBER_IMPORT_VISIBILITY = YES;
				SWIFT_VERSION = 5.0;
				TARGETED_DEVICE_FAMILY = "1,2";
			};
			name = Release;
		};
		A90001 /* Debug */ = {
			isa = XCBuildConfiguration;
			buildSettings = {
				ALWAYS_SEARCH_USER_PATHS = NO;
				ASSETCATALOG_COMPILER_GENERATE_SWIFT_ASSET_SYMBOL_EXTENSIONS = YES;
				CLANG_ANALYZER_NONNULL = YES;
				CLANG_ANALYZER_NUMBER_OBJECT_CONVERSION = YES_AGGRESSIVE;
				CLANG_CXX_LANGUAGE_STANDARD = "gnu++20";
				CLANG_ENABLE_MODULES = YES;
				CLANG_ENABLE_OBJC_ARC = YES;
				CLANG_ENABLE_OBJC_WEAK = YES;
				CLANG_WARN_BLOCK_CAPTURE_AUTORELEASING = YES;
				CLANG_WARN_BOOL_CONVERSION = YES;
				CLANG_WARN_COMMA = YES;
				CLANG_WARN_CONSTANT_CONVERSION = YES;
				CLANG_WARN_DEPRECATED_OBJC_IMPLEMENTATIONS = YES;
				CLANG_WARN_DIRECT_OBJC_ISA_USAGE = YES_ERROR;
				CLANG_WARN_DOCUMENTATION_COMMENTS = YES;
				CLANG_WARN_EMPTY_BODY = YES;
				CLANG_WARN_ENUM_CONVERSION = YES;
				CLANG_WARN_INFINITE_RECURSION = YES;
				CLANG_WARN_INT_CONVERSION = YES;
				CLANG_WARN_NON_LITERAL_NULL_CONVERSION = YES;
				CLANG_WARN_OBJC_IMPLICIT_RETAIN_SELF = YES;
				CLANG_WARN_OBJC_LITERAL_CONVERSION = YES;
				CLANG_WARN_OBJC_ROOT_CLASS = YES_ERROR;
				CLANG_WARN_QUOTED_INCLUDE_IN_FRAMEWORK_HEADER = YES;
				CLANG_WARN_RANGE_LOOP_ANALYSIS = YES;
				CLANG_WARN_STRICT_PROTOTYPES = YES;
				CLANG_WARN_SUSPICIOUS_MOVE = YES;
				CLANG_WARN_UNGUARDED_AVAILABILITY = YES_AGGRESSIVE;
				CLANG_WARN_UNREACHABLE_CODE = YES;
				CLANG_WARN__DUPLICATE_METHOD_MATCH = YES;
				COPY_PHASE_STRIP = NO;
				DEBUG_INFORMATION_FORMAT = dwarf;
				ENABLE_STRICT_OBJC_MSGSEND = YES;
				ENABLE_TESTABILITY = YES;
				ENABLE_USER_SCRIPT_SANDBOXING = YES;
				GCC_C_LANGUAGE_STANDARD = gnu17;
				GCC_DYNAMIC_NO_PIC = NO;
				GCC_NO_COMMON_BLOCKS = YES;
				GCC_OPTIMIZATION_LEVEL = 0;
				GCC_PREPROCESSOR_DEFINITIONS = (
					"DEBUG=1",
					"$(inherited)",
				);
				GCC_WARN_64_TO_32_BIT_CONVERSION = YES;
				GCC_WARN_ABOUT_RETURN_TYPE = YES_ERROR;
				GCC_WARN_UNDECLARED_SELECTOR = YES;
				GCC_WARN_UNINITIALIZED_AUTOS = YES_AGGRESSIVE;
				GCC_WARN_UNUSED_FUNCTION = YES;
				GCC_WARN_UNUSED_VARIABLE = YES;
				IPHONEOS_DEPLOYMENT_TARGET = 17.0;
				LOCALIZATION_PREFERS_STRING_CATALOGS = YES;
				MTL_ENABLE_DEBUG_INFO = INCLUDE_SOURCE;
				MTL_FAST_MATH = YES;
				ONLY_ACTIVE_ARCH = YES;
				SDKROOT = iphoneos;
				SWIFT_ACTIVE_COMPILATION_CONDITIONS = "DEBUG $(inherited)";
				SWIFT_OPTIMIZATION_LEVEL = "-Onone";
			};
			name = Debug;
		};
		A90002 /* Release */ = {
			isa = XCBuildConfiguration;
			buildSettings = {
				ALWAYS_SEARCH_USER_PATHS = NO;
				ASSETCATALOG_COMPILER_GENERATE_SWIFT_ASSET_SYMBOL_EXTENSIONS = YES;
				CLANG_ANALYZER_NONNULL = YES;
				CLANG_ANALYZER_NUMBER_OBJECT_CONVERSION = YES_AGGRESSIVE;
				CLANG_CXX_LANGUAGE_STANDARD = "gnu++20";
				CLANG_ENABLE_MODULES = YES;
				CLANG_ENABLE_OBJC_ARC = YES;
				CLANG_ENABLE_OBJC_WEAK = YES;
				CLANG_WARN_BLOCK_CAPTURE_AUTORELEASING = YES;
				CLANG_WARN_BOOL_CONVERSION = YES;
				CLANG_WARN_COMMA = YES;
				CLANG_WARN_CONSTANT_CONVERSION = YES;
				CLANG_WARN_DEPRECATED_OBJC_IMPLEMENTATIONS = YES;
				CLANG_WARN_DIRECT_OBJC_ISA_USAGE = YES_ERROR;
				CLANG_WARN_DOCUMENTATION_COMMENTS = YES;
				CLANG_WARN_EMPTY_BODY = YES;
				CLANG_WARN_ENUM_CONVERSION = YES;
				CLANG_WARN_INFINITE_RECURSION = YES;
				CLANG_WARN_INT_CONVERSION = YES;
				CLANG_WARN_NON_LITERAL_NULL_CONVERSION = YES;
				CLANG_WARN_OBJC_IMPLICIT_RETAIN_SELF = YES;
				CLANG_WARN_OBJC_LITERAL_CONVERSION = YES;
				CLANG_WARN_OBJC_ROOT_CLASS = YES_ERROR;
				CLANG_WARN_QUOTED_INCLUDE_IN_FRAMEWORK_HEADER = YES;
				CLANG_WARN_RANGE_LOOP_ANALYSIS = YES;
				CLANG_WARN_STRICT_PROTOTYPES = YES;
				CLANG_WARN_SUSPICIOUS_MOVE = YES;
				CLANG_WARN_UNGUARDED_AVAILABILITY = YES_AGGRESSIVE;
				CLANG_WARN_UNREACHABLE_CODE = YES;
				CLANG_WARN__DUPLICATE_METHOD_MATCH = YES;
				COPY_PHASE_STRIP = NO;
				DEBUG_INFORMATION_FORMAT = "dwarf-with-dsym";
				ENABLE_NS_ASSERTIONS = NO;
				ENABLE_STRICT_OBJC_MSGSEND = YES;
				ENABLE_USER_SCRIPT_SANDBOXING = YES;
				GCC_C_LANGUAGE_STANDARD = gnu17;
				GCC_NO_COMMON_BLOCKS = YES;
				GCC_WARN_64_TO_32_BIT_CONVERSION = YES;
				GCC_WARN_ABOUT_RETURN_TYPE = YES_ERROR;
				GCC_WARN_UNDECLARED_SELECTOR = YES;
				GCC_WARN_UNINITIALIZED_AUTOS = YES_AGGRESSIVE;
				GCC_WARN_UNUSED_FUNCTION = YES;
				GCC_WARN_UNUSED_VARIABLE = YES;
				IPHONEOS_DEPLOYMENT_TARGET = 17.0;
				LOCALIZATION_PREFERS_STRING_CATALOGS = YES;
				MTL_ENABLE_DEBUG_INFO = NO;
				MTL_FAST_MATH = YES;
				SDKROOT = iphoneos;
				SWIFT_COMPILATION_MODE = wholemodule;
				VALIDATE_PRODUCT = YES;
			};
			name = Release;
		};
		A90003 /* Debug */ = {
			isa = XCBuildConfiguration;
			buildSettings = {
				ASSETCATALOG_COMPILER_APPICON_NAME = AppIcon;
				ASSETCATALOG_COMPILER_GLOBAL_ACCENT_COLOR_NAME = AccentColor;
				CODE_SIGN_STYLE = Automatic;
				CURRENT_PROJECT_VERSION = 1;
				DEVELOPMENT_ASSET_PATHS = "\"WooriHaru/Preview Content\"";
				DEVELOPMENT_TEAM = 4L7RX6VCB2;
				ENABLE_PREVIEWS = YES;
				GENERATE_INFOPLIST_FILE = YES;
				INFOPLIST_FILE = WooriHaru/Info.plist;
				INFOPLIST_KEY_CFBundleDisplayName = "우리 하루";
				INFOPLIST_KEY_UIApplicationSceneManifest_Generation = YES;
				INFOPLIST_KEY_UIApplicationSupportsIndirectInputEvents = YES;
				INFOPLIST_KEY_UILaunchScreen_Generation = YES;
				INFOPLIST_KEY_UISupportedInterfaceOrientations_iPad = "UIInterfaceOrientationPortrait UIInterfaceOrientationPortraitUpsideDown UIInterfaceOrientationLandscapeLeft UIInterfaceOrientationLandscapeRight";
				INFOPLIST_KEY_UISupportedInterfaceOrientations_iPhone = "UIInterfaceOrientationPortrait UIInterfaceOrientationLandscapeLeft UIInterfaceOrientationLandscapeRight";
				LD_RUNPATH_SEARCH_PATHS = (
					"$(inherited)",
					"@executable_path/Frameworks",
				);
				MARKETING_VERSION = 1.0;
				PRODUCT_BUNDLE_IDENTIFIER = com.woori.haru;
				PRODUCT_NAME = "$(TARGET_NAME)";
				SWIFT_EMIT_LOC_STRINGS = YES;
				SWIFT_VERSION = 5.0;
				TARGETED_DEVICE_FAMILY = "1,2";
			};
			name = Debug;
		};
		A90004 /* Release */ = {
			isa = XCBuildConfiguration;
			buildSettings = {
				ASSETCATALOG_COMPILER_APPICON_NAME = AppIcon;
				ASSETCATALOG_COMPILER_GLOBAL_ACCENT_COLOR_NAME = AccentColor;
				CODE_SIGN_STYLE = Automatic;
				CURRENT_PROJECT_VERSION = 1;
				DEVELOPMENT_ASSET_PATHS = "\"WooriHaru/Preview Content\"";
				DEVELOPMENT_TEAM = 4L7RX6VCB2;
				ENABLE_PREVIEWS = YES;
				GENERATE_INFOPLIST_FILE = YES;
				INFOPLIST_FILE = WooriHaru/Info.plist;
				INFOPLIST_KEY_CFBundleDisplayName = "우리 하루";
				INFOPLIST_KEY_UIApplicationSceneManifest_Generation = YES;
				INFOPLIST_KEY_UIApplicationSupportsIndirectInputEvents = YES;
				INFOPLIST_KEY_UILaunchScreen_Generation = YES;
				INFOPLIST_KEY_UISupportedInterfaceOrientations_iPad = "UIInterfaceOrientationPortrait UIInterfaceOrientationPortraitUpsideDown UIInterfaceOrientationLandscapeLeft UIInterfaceOrientationLandscapeRight";
				INFOPLIST_KEY_UISupportedInterfaceOrientations_iPhone = "UIInterfaceOrientationPortrait UIInterfaceOrientationLandscapeLeft UIInterfaceOrientationLandscapeRight";
				LD_RUNPATH_SEARCH_PATHS = (
					"$(inherited)",
					"@executable_path/Frameworks",
				);
				MARKETING_VERSION = 1.0;
				PRODUCT_BUNDLE_IDENTIFIER = com.woori.haru;
				PRODUCT_NAME = "$(TARGET_NAME)";
				SWIFT_EMIT_LOC_STRINGS = YES;
				SWIFT_VERSION = 5.0;
				TARGETED_DEVICE_FAMILY = "1,2";
			};
			name = Release;
		};
/* End XCBuildConfiguration section */

/* Begin XCConfigurationList section */
		880AD4812F5F071300777742 /* Build configuration list for PBXNativeTarget "StudyTimerWidgetExtension" */ = {
			isa = XCConfigurationList;
			buildConfigurations = (
				880AD47E2F5F071300777742 /* Debug */,
				880AD47F2F5F071300777742 /* Release */,
			);
			defaultConfigurationIsVisible = 0;
			defaultConfigurationName = Release;
		};
		A70001 /* Build configuration list for PBXNativeTarget "WooriHaru" */ = {
			isa = XCConfigurationList;
			buildConfigurations = (
				A90003 /* Debug */,
				A90004 /* Release */,
			);
			defaultConfigurationIsVisible = 0;
			defaultConfigurationName = Release;
		};
		A70003 /* Build configuration list for PBXProject "WooriHaru" */ = {
			isa = XCConfigurationList;
			buildConfigurations = (
				A90001 /* Debug */,
				A90002 /* Release */,
			);
			defaultConfigurationIsVisible = 0;
			defaultConfigurationName = Release;
		};
/* End XCConfigurationList section */
	};
	rootObject = A80001 /* Project object */;
}
